{
  "nodes": {
    "ha-stadtbibliothek": {
      "inputs": {
        "nixpkgs": [
          "nixpkgs"
        ]
      },
      "locked": {
        "lastModified": 1788209962,
        "narHash": "sha256-8mUj6uP1uDlRYY/Hp0TqkGrq2M4HXDX9C18i8ZtoGGM=",
        "ref": "main",
        "rev": "4919e4d0e9768ee72c5d53efa507436c51051bdb",
        "revCount": 74,
        "type": "git",
        "url": "file:///home/makefu/r/ha_stadtbibliothek"
      },
      "original": {
        "ref": "main",
        "type": "git",
        "url": "file:///home/makefu/r/ha_stadtbibliothek"
      }
    },
    "nixpkgs": {
      "locked": {
        "lastModified": 1788039129,
        "narHash": "sha256-pa4Q0qErvCvzCaaUph7Sm37RhR4xvPrYI8Lgz6k85+A=",
        "owner": "NixOS",
        "repo": "nixpkgs",
        "rev": "d2f67949798825fe853f7c5d0492b8bf016d3f88",
        "type": "github"
      },
      "original": {
        "owner": "NixOS",
        "ref": "nixos-unstable",
        "repo": "nixpkgs",
        "type": "github"
      }
    },
    "root": {
      "inputs": {
        "ha-stadtbibliothek": "ha-stadtbibliothek",
        "nixpkgs": "nixpkgs"
      }
    }
  },
  "root": "root",
  "version": 7
}
