{
  "nodes": {
    "ha-stadtbibliothek": {
      "inputs": {
        "nixpkgs": [
          "nixpkgs"
        ]
      },
      "locked": {
        "lastModified": 1788214649,
        "narHash": "sha256-1Nl/m39sZIN0Hx690USiK8ZDlJ01e7F5YSbYBU7noa4=",
        "ref": "main",
        "rev": "46ced1382af24d60086408754abb8b7fcf94cd9c",
        "revCount": 76,
        "type": "git",
        "url": "file:///home/makefu/r/ha_stadtbibliothek"
      },
      "original": {
        "ref": "main",
        "type": "git",
        "url": "file:///home/makefu/r/ha_stadtbibliothek"
      }
    },
    "nixpkgs": {
      "locked": {
        "lastModified": 1788039129,
        "narHash": "sha256-pa4Q0qErvCvzCaaUph7Sm37RhR4xvPrYI8Lgz6k85+A=",
        "owner": "NixOS",
        "repo": "nixpkgs",
        "rev": "d2f67949798825fe853f7c5d0492b8bf016d3f88",
        "type": "github"
      },
      "original": {
        "owner": "NixOS",
        "ref": "nixos-unstable",
        "repo": "nixpkgs",
        "type": "github"
      }
    },
    "root": {
      "inputs": {
        "ha-stadtbibliothek": "ha-stadtbibliothek",
        "nixpkgs": "nixpkgs"
      }
    }
  },
  "root": "root",
  "version": 7
}
